
Microsoft Visual Studio Solution File, Format Version 12.00
# Visual Studio Version 16
VisualStudioVersion = 16.0.30907.101
MinimumVisualStudioVersion = 10.0.40219.1
Project("{FAE04EC0-301F-11D3-BF4B-00C04F79EFBC}") = "SelfAssessment", "SelfAssessment.csproj", "{4633023B-5026-4AD7-9665-293FE0DEBFC5}"
EndProject
Global
	GlobalSection(SolutionConfigurationPlatforms) = preSolution
		Debug|Any CPU = Debug|Any CPU
		Release|Any CPU = Release|Any CPU
	EndGlobalSection
	GlobalSection(ProjectConfigurationPlatforms) = postSolution
		{4633023B-5026-4AD7-9665-293FE0DEBFC5}.Debug|Any CPU.ActiveCfg = Debug|Any CPU
		{4633023B-5026-4AD7-9665-293FE0DEBFC5}.Debug|Any CPU.Build.0 = Debug|Any CPU
		{4633023B-5026-4AD7-9665-293FE0DEBFC5}.Release|Any CPU.ActiveCfg = Release|Any CPU
		{4633023B-5026-4AD7-9665-293FE0DEBFC5}.Release|Any CPU.Build.0 = Release|Any CPU
	EndGlobalSection
	GlobalSection(SolutionProperties) = preSolution
		HideSolutionNode = FALSE
	EndGlobalSection
	GlobalSection(ExtensibilityGlobals) = postSolution
		SolutionGuid = {A72BC7A1-8266-4606-A1D6-9C666D4E7718}
	EndGlobalSection
EndGlobal
